// !$*UTF8*$!
{
	archiveVersion = 1;
	classes = {
	};
	objectVersion = 46;
	objects = {

/* Begin PBXBuildFile section */
		BD06B3661B2A8D1D00CFE15A /* HBTabBarController.m in Sources */ = {isa = PBXBuildFile; fileRef = BD06B3651B2A8D1D00CFE15A /* HBTabBarController.m */; };
		BD1A31991B2A7C3A00AC2F20 /* main.m in Sources */ = {isa = PBXBuildFile; fileRef = BD1A31981B2A7C3A00AC2F20 /* main.m */; };
		BD1A319C1B2A7C3A00AC2F20 /* AppDelegate.m in Sources */ = {isa = PBXBuildFile; fileRef = BD1A319B1B2A7C3A00AC2F20 /* AppDelegate.m */; };
		BD1A319F1B2A7C3A00AC2F20 /* HBWeibo.xcdatamodeld in Sources */ = {isa = PBXBuildFile; fileRef = BD1A319D1B2A7C3A00AC2F20 /* HBWeibo.xcdatamodeld */; };
		BD1A31A51B2A7C3A00AC2F20 /* Main.storyboard in Resources */ = {isa = PBXBuildFile; fileRef = BD1A31A31B2A7C3A00AC2F20 /* Main.storyboard */; };
		BD1A31A71B2A7C3A00AC2F20 /* Images.xcassets in Resources */ = {isa = PBXBuildFile; fileRef = BD1A31A61B2A7C3A00AC2F20 /* Images.xcassets */; };
		BD1A31AA1B2A7C3A00AC2F20 /* LaunchScreen.xib in Resources */ = {isa = PBXBuildFile; fileRef = BD1A31A81B2A7C3A00AC2F20 /* LaunchScreen.xib */; };
		BD1A31B61B2A7C3A00AC2F20 /* HBWeiboTests.m in Sources */ = {isa = PBXBuildFile; fileRef = BD1A31B51B2A7C3A00AC2F20 /* HBWeiboTests.m */; };
		BD4ECDEB1B2AB78300AAB3D8 /* HBHomeController.m in Sources */ = {isa = PBXBuildFile; fileRef = BD4ECDEA1B2AB78300AAB3D8 /* HBHomeController.m */; };
		BD4ECDEE1B2AB79600AAB3D8 /* HBMessageController.m in Sources */ = {isa = PBXBuildFile; fileRef = BD4ECDED1B2AB79600AAB3D8 /* HBMessageController.m */; };
		BD4ECDF11B2AB7A700AAB3D8 /* HBDiscoverController.m in Sources */ = {isa = PBXBuildFile; fileRef = BD4ECDF01B2AB7A700AAB3D8 /* HBDiscoverController.m */; };
		BD4ECDF41B2AB7B400AAB3D8 /* HBMeController.m in Sources */ = {isa = PBXBuildFile; fileRef = BD4ECDF31B2AB7B400AAB3D8 /* HBMeController.m */; };
		BD4ECDF71B2ACBDB00AAB3D8 /* HBTabbar.m in Sources */ = {isa = PBXBuildFile; fileRef = BD4ECDF61B2ACBDA00AAB3D8 /* HBTabbar.m */; };
		BD4ECDFA1B2AD5E500AAB3D8 /* HBTabbarButton.m in Sources */ = {isa = PBXBuildFile; fileRef = BD4ECDF91B2AD5E500AAB3D8 /* HBTabbarButton.m */; };
/* End PBXBuildFile section */

/* Begin PBXContainerItemProxy section */
		BD1A31B01B2A7C3A00AC2F20 /* PBXContainerItemProxy */ = {
			isa = PBXContainerItemProxy;
			containerPortal = BD1A318B1B2A7C3A00AC2F20 /* Project object */;
			proxyType = 1;
			remoteGlobalIDString = BD1A31921B2A7C3A00AC2F20;
			remoteInfo = HBWeibo;
		};
/* End PBXContainerItemProxy section */

/* Begin PBXFileReference section */
		BD06B3641B2A8D1D00CFE15A /* HBTabBarController.h */ = {isa = PBXFileReference; fileEncoding = 4; lastKnownFileType = sourcecode.c.h; path = HBTabBarController.h; sourceTree = "<group>"; };
		BD06B3651B2A8D1D00CFE15A /* HBTabBarController.m */ = {isa = PBXFileReference; fileEncoding = 4; lastKnownFileType = sourcecode.c.objc; path = HBTabBarController.m; sourceTree = "<group>"; };
		BD1A31931B2A7C3A00AC2F20 /* HBWeibo.app */ = {isa = PBXFileReference; explicitFileType = wrapper.application; includeInIndex = 0; path = HBWeibo.app; sourceTree = BUILT_PRODUCTS_DIR; };
		BD1A31971B2A7C3A00AC2F20 /* Info.plist */ = {isa = PBXFileReference; lastKnownFileType = text.plist.xml; path = Info.plist; sourceTree = "<group>"; };
		BD1A31981B2A7C3A00AC2F20 /* main.m */ = {isa = PBXFileReference; lastKnownFileType = sourcecode.c.objc; path = main.m; sourceTree = "<group>"; };
		BD1A319A1B2A7C3A00AC2F20 /* AppDelegate.h */ = {isa = PBXFileReference; lastKnownFileType = sourcecode.c.h; path = AppDelegate.h; sourceTree = "<group>"; };
		BD1A319B1B2A7C3A00AC2F20 /* AppDelegate.m */ = {isa = PBXFileReference; lastKnownFileType = sourcecode.c.objc; path = AppDelegate.m; sourceTree = "<group>"; };
		BD1A319E1B2A7C3A00AC2F20 /* HBWeibo.xcdatamodel */ = {isa = PBXFileReference; lastKnownFileType = wrapper.xcdatamodel; path = HBWeibo.xcdatamodel; sourceTree = "<group>"; };
		BD1A31A41B2A7C3A00AC2F20 /* Base */ = {isa = PBXFileReference; lastKnownFileType = file.storyboard; name = Base; path = Base.lproj/Main.storyboard; sourceTree = "<group>"; };
		BD1A31A61B2A7C3A00AC2F20 /* Images.xcassets */ = {isa = PBXFileReference; lastKnownFileType = folder.assetcatalog; path = Images.xcassets; sourceTree = "<group>"; };
		BD1A31A91B2A7C3A00AC2F20 /* Base */ = {isa = PBXFileReference; lastKnownFileType = file.xib; name = Base; path = Base.lproj/LaunchScreen.xib; sourceTree = "<group>"; };
		BD1A31AF1B2A7C3A00AC2F20 /* HBWeiboTests.xctest */ = {isa = PBXFileReference; explicitFileType = wrapper.cfbundle; includeInIndex = 0; path = HBWeiboTests.xctest; sourceTree = BUILT_PRODUCTS_DIR; };
		BD1A31B41B2A7C3A00AC2F20 /* Info.plist */ = {isa = PBXFileReference; lastKnownFileType = text.plist.xml; path = Info.plist; sourceTree = "<group>"; };
		BD1A31B51B2A7C3A00AC2F20 /* HBWeiboTests.m */ = {isa = PBXFileReference; lastKnownFileType = sourcecode.c.objc; path = HBWeiboTests.m; sourceTree = "<group>"; };
		BD4ECDE91B2AB78300AAB3D8 /* HBHomeController.h */ = {isa = PBXFileReference; fileEncoding = 4; lastKnownFileType = sourcecode.c.h; path = HBHomeController.h; sourceTree = "<group>"; };
		BD4ECDEA1B2AB78300AAB3D8 /* HBHomeController.m */ = {isa = PBXFileReference; fileEncoding = 4; lastKnownFileType = sourcecode.c.objc; path = HBHomeController.m; sourceTree = "<group>"; };
		BD4ECDEC1B2AB79600AAB3D8 /* HBMessageController.h */ = {isa = PBXFileReference; fileEncoding = 4; lastKnownFileType = sourcecode.c.h; path = HBMessageController.h; sourceTree = "<group>"; };
		BD4ECDED1B2AB79600AAB3D8 /* HBMessageController.m */ = {isa = PBXFileReference; fileEncoding = 4; lastKnownFileType = sourcecode.c.objc; path = HBMessageController.m; sourceTree = "<group>"; };
		BD4ECDEF1B2AB7A700AAB3D8 /* HBDiscoverController.h */ = {isa = PBXFileReference; fileEncoding = 4; lastKnownFileType = sourcecode.c.h; path = HBDiscoverController.h; sourceTree = "<group>"; };
		BD4ECDF01B2AB7A700AAB3D8 /* HBDiscoverController.m */ = {isa = PBXFileReference; fileEncoding = 4; lastKnownFileType = sourcecode.c.objc; path = HBDiscoverController.m; sourceTree = "<group>"; };
		BD4ECDF21B2AB7B400AAB3D8 /* HBMeController.h */ = {isa = PBXFileReference; fileEncoding = 4; lastKnownFileType = sourcecode.c.h; path = HBMeController.h; sourceTree = "<group>"; };
		BD4ECDF31B2AB7B400AAB3D8 /* HBMeController.m */ = {isa = PBXFileReference; fileEncoding = 4; lastKnownFileType = sourcecode.c.objc; path = HBMeController.m; sourceTree = "<group>"; };
		BD4ECDF51B2ACBDA00AAB3D8 /* HBTabbar.h */ = {isa = PBXFileReference; fileEncoding = 4; lastKnownFileType = sourcecode.c.h; path = HBTabbar.h; sourceTree = "<group>"; };
		BD4ECDF61B2ACBDA00AAB3D8 /* HBTabbar.m */ = {isa = PBXFileReference; fileEncoding = 4; lastKnownFileType = sourcecode.c.objc; path = HBTabbar.m; sourceTree = "<group>"; };
		BD4ECDF81B2AD5E500AAB3D8 /* HBTabbarButton.h */ = {isa = PBXFileReference; fileEncoding = 4; lastKnownFileType = sourcecode.c.h; path = HBTabbarButton.h; sourceTree = "<group>"; };
		BD4ECDF91B2AD5E500AAB3D8 /* HBTabbarButton.m */ = {isa = PBXFileReference; fileEncoding = 4; lastKnownFileType = sourcecode.c.objc; path = HBTabbarButton.m; sourceTree = "<group>"; };
/* End PBXFileReference section */

/* Begin PBXFrameworksBuildPhase section */
		BD1A31901B2A7C3A00AC2F20 /* Frameworks */ = {
			isa = PBXFrameworksBuildPhase;
			buildActionMask = 2147483647;
			files = (
			);
			runOnlyForDeploymentPostprocessing = 0;
		};
		BD1A31AC1B2A7C3A00AC2F20 /* Frameworks */ = {
			isa = PBXFrameworksBuildPhase;
			buildActionMask = 2147483647;
			files = (
			);
			runOnlyForDeploymentPostprocessing = 0;
		};
/* End PBXFrameworksBuildPhase section */

/* Begin PBXGroup section */
		BD06B3611B2A8C5E00CFE15A /* Class */ = {
			isa = PBXGroup;
			children = (
				BD4ECDE81B2AB6F900AAB3D8 /* Me */,
				BD4ECDE71B2AB6ED00AAB3D8 /* Discover */,
				BD4ECDE61B2AB6E600AAB3D8 /* Message */,
				BD4ECDE51B2AB58300AAB3D8 /* Home */,
				BD06B3631B2A8CBB00CFE15A /* Main */,
				BD06B3621B2A8C6C00CFE15A /* Other */,
			);
			name = Class;
			sourceTree = "<group>";
		};
		BD06B3621B2A8C6C00CFE15A /* Other */ = {
			isa = PBXGroup;
			children = (
				BD1A319A1B2A7C3A00AC2F20 /* AppDelegate.h */,
				BD1A319B1B2A7C3A00AC2F20 /* AppDelegate.m */,
			);
			name = Other;
			sourceTree = "<group>";
		};
		BD06B3631B2A8CBB00CFE15A /* Main */ = {
			isa = PBXGroup;
			children = (
				BD06B3641B2A8D1D00CFE15A /* HBTabBarController.h */,
				BD06B3651B2A8D1D00CFE15A /* HBTabBarController.m */,
				BD4ECDF51B2ACBDA00AAB3D8 /* HBTabbar.h */,
				BD4ECDF61B2ACBDA00AAB3D8 /* HBTabbar.m */,
				BD4ECDF81B2AD5E500AAB3D8 /* HBTabbarButton.h */,
				BD4ECDF91B2AD5E500AAB3D8 /* HBTabbarButton.m */,
			);
			name = Main;
			sourceTree = "<group>";
		};
		BD1A318A1B2A7C3A00AC2F20 = {
			isa = PBXGroup;
			children = (
				BD1A31951B2A7C3A00AC2F20 /* HBWeibo */,
				BD1A31B21B2A7C3A00AC2F20 /* HBWeiboTests */,
				BD1A31941B2A7C3A00AC2F20 /* Products */,
			);
			sourceTree = "<group>";
		};
		BD1A31941B2A7C3A00AC2F20 /* Products */ = {
			isa = PBXGroup;
			children = (
				BD1A31931B2A7C3A00AC2F20 /* HBWeibo.app */,
				BD1A31AF1B2A7C3A00AC2F20 /* HBWeiboTests.xctest */,
			);
			name = Products;
			sourceTree = "<group>";
		};
		BD1A31951B2A7C3A00AC2F20 /* HBWeibo */ = {
			isa = PBXGroup;
			children = (
				BD06B3611B2A8C5E00CFE15A /* Class */,
				BD1A31961B2A7C3A00AC2F20 /* Supporting Files */,
			);
			path = HBWeibo;
			sourceTree = "<group>";
		};
		BD1A31961B2A7C3A00AC2F20 /* Supporting Files */ = {
			isa = PBXGroup;
			children = (
				BD1A31A31B2A7C3A00AC2F20 /* Main.storyboard */,
				BD1A31A61B2A7C3A00AC2F20 /* Images.xcassets */,
				BD1A31A81B2A7C3A00AC2F20 /* LaunchScreen.xib */,
				BD1A319D1B2A7C3A00AC2F20 /* HBWeibo.xcdatamodeld */,
				BD1A31971B2A7C3A00AC2F20 /* Info.plist */,
				BD1A31981B2A7C3A00AC2F20 /* main.m */,
			);
			name = "Supporting Files";
			sourceTree = "<group>";
		};
		BD1A31B21B2A7C3A00AC2F20 /* HBWeiboTests */ = {
			isa = PBXGroup;
			children = (
				BD1A31B51B2A7C3A00AC2F20 /* HBWeiboTests.m */,
				BD1A31B31B2A7C3A00AC2F20 /* Supporting Files */,
			);
			path = HBWeiboTests;
			sourceTree = "<group>";
		};
		BD1A31B31B2A7C3A00AC2F20 /* Supporting Files */ = {
			isa = PBXGroup;
			children = (
				BD1A31B41B2A7C3A00AC2F20 /* Info.plist */,
			);
			name = "Supporting Files";
			sourceTree = "<group>";
		};
		BD4ECDE51B2AB58300AAB3D8 /* Home */ = {
			isa = PBXGroup;
			children = (
				BD4ECDE91B2AB78300AAB3D8 /* HBHomeController.h */,
				BD4ECDEA1B2AB78300AAB3D8 /* HBHomeController.m */,
			);
			name = Home;
			sourceTree = "<group>";
		};
		BD4ECDE61B2AB6E600AAB3D8 /* Message */ = {
			isa = PBXGroup;
			children = (
				BD4ECDEC1B2AB79600AAB3D8 /* HBMessageController.h */,
				BD4ECDED1B2AB79600AAB3D8 /* HBMessageController.m */,
			);
			name = Message;
			sourceTree = "<group>";
		};
		BD4ECDE71B2AB6ED00AAB3D8 /* Discover */ = {
			isa = PBXGroup;
			children = (
				BD4ECDEF1B2AB7A700AAB3D8 /* HBDiscoverController.h */,
				BD4ECDF01B2AB7A700AAB3D8 /* HBDiscoverController.m */,
			);
			name = Discover;
			sourceTree = "<group>";
		};
		BD4ECDE81B2AB6F900AAB3D8 /* Me */ = {
			isa = PBXGroup;
			children = (
				BD4ECDF21B2AB7B400AAB3D8 /* HBMeController.h */,
				BD4ECDF31B2AB7B400AAB3D8 /* HBMeController.m */,
			);
			name = Me;
			sourceTree = "<group>";
		};
/* End PBXGroup section */

/* Begin PBXNativeTarget section */
		BD1A31921B2A7C3A00AC2F20 /* HBWeibo */ = {
			isa = PBXNativeTarget;
			buildConfigurationList = BD1A31B91B2A7C3A00AC2F20 /* Build configuration list for PBXNativeTarget "HBWeibo" */;
			buildPhases = (
				BD1A318F1B2A7C3A00AC2F20 /* Sources */,
				BD1A31901B2A7C3A00AC2F20 /* Frameworks */,
				BD1A31911B2A7C3A00AC2F20 /* Resources */,
			);
			buildRules = (
			);
			dependencies = (
			);
			name = HBWeibo;
			productName = HBWeibo;
			productReference = BD1A31931B2A7C3A00AC2F20 /* HBWeibo.app */;
			productType = "com.apple.product-type.application";
		};
		BD1A31AE1B2A7C3A00AC2F20 /* HBWeiboTests */ = {
			isa = PBXNativeTarget;
			buildConfigurationList = BD1A31BC1B2A7C3A00AC2F20 /* Build configuration list for PBXNativeTarget "HBWeiboTests" */;
			buildPhases = (
				BD1A31AB1B2A7C3A00AC2F20 /* Sources */,
				BD1A31AC1B2A7C3A00AC2F20 /* Frameworks */,
				BD1A31AD1B2A7C3A00AC2F20 /* Resources */,
			);
			buildRules = (
			);
			dependencies = (
				BD1A31B11B2A7C3A00AC2F20 /* PBXTargetDependency */,
			);
			name = HBWeiboTests;
			productName = HBWeiboTests;
			productReference = BD1A31AF1B2A7C3A00AC2F20 /* HBWeiboTests.xctest */;
			productType = "com.apple.product-type.bundle.unit-test";
		};
/* End PBXNativeTarget section */

/* Begin PBXProject section */
		BD1A318B1B2A7C3A00AC2F20 /* Project object */ = {
			isa = PBXProject;
			attributes = {
				LastUpgradeCheck = 0620;
				ORGANIZATIONNAME = bottle;
				TargetAttributes = {
					BD1A31921B2A7C3A00AC2F20 = {
						CreatedOnToolsVersion = 6.2;
					};
					BD1A31AE1B2A7C3A00AC2F20 = {
						CreatedOnToolsVersion = 6.2;
						TestTargetID = BD1A31921B2A7C3A00AC2F20;
					};
				};
			};
			buildConfigurationList = BD1A318E1B2A7C3A00AC2F20 /* Build configuration list for PBXProject "HBWeibo" */;
			compatibilityVersion = "Xcode 3.2";
			developmentRegion = English;
			hasScannedForEncodings = 0;
			knownRegions = (
				en,
				Base,
			);
			mainGroup = BD1A318A1B2A7C3A00AC2F20;
			productRefGroup = BD1A31941B2A7C3A00AC2F20 /* Products */;
			projectDirPath = "";
			projectRoot = "";
			targets = (
				BD1A31921B2A7C3A00AC2F20 /* HBWeibo */,
				BD1A31AE1B2A7C3A00AC2F20 /* HBWeiboTests */,
			);
		};
/* End PBXProject section */

/* Begin PBXResourcesBuildPhase section */
		BD1A31911B2A7C3A00AC2F20 /* Resources */ = {
			isa = PBXResourcesBuildPhase;
			buildActionMask = 2147483647;
			files = (
				BD1A31A51B2A7C3A00AC2F20 /* Main.storyboard in Resources */,
				BD1A31AA1B2A7C3A00AC2F20 /* LaunchScreen.xib in Resources */,
				BD1A31A71B2A7C3A00AC2F20 /* Images.xcassets in Resources */,
			);
			runOnlyForDeploymentPostprocessing = 0;
		};
		BD1A31AD1B2A7C3A00AC2F20 /* Resources */ = {
			isa = PBXResourcesBuildPhase;
			buildActionMask = 2147483647;
			files = (
			);
			runOnlyForDeploymentPostprocessing = 0;
		};
/* End PBXResourcesBuildPhase section */

/* Begin PBXSourcesBuildPhase section */
		BD1A318F1B2A7C3A00AC2F20 /* Sources */ = {
			isa = PBXSourcesBuildPhase;
			buildActionMask = 2147483647;
			files = (
				BD1A319C1B2A7C3A00AC2F20 /* AppDelegate.m in Sources */,
				BD4ECDF11B2AB7A700AAB3D8 /* HBDiscoverController.m in Sources */,
				BD4ECDEB1B2AB78300AAB3D8 /* HBHomeController.m in Sources */,
				BD4ECDF41B2AB7B400AAB3D8 /* HBMeController.m in Sources */,
				BD1A31991B2A7C3A00AC2F20 /* main.m in Sources */,
				BD1A319F1B2A7C3A00AC2F20 /* HBWeibo.xcdatamodeld in Sources */,
				BD06B3661B2A8D1D00CFE15A /* HBTabBarController.m in Sources */,
				BD4ECDFA1B2AD5E500AAB3D8 /* HBTabbarButton.m in Sources */,
				BD4ECDEE1B2AB79600AAB3D8 /* HBMessageController.m in Sources */,
				BD4ECDF71B2ACBDB00AAB3D8 /* HBTabbar.m in Sources */,
			);
			runOnlyForDeploymentPostprocessing = 0;
		};
		BD1A31AB1B2A7C3A00AC2F20 /* Sources */ = {
			isa = PBXSourcesBuildPhase;
			buildActionMask = 2147483647;
			files = (
				BD1A31B61B2A7C3A00AC2F20 /* HBWeiboTests.m in Sources */,
			);
			runOnlyForDeploymentPostprocessing = 0;
		};
/* End PBXSourcesBuildPhase section */

/* Begin PBXTargetDependency section */
		BD1A31B11B2A7C3A00AC2F20 /* PBXTargetDependency */ = {
			isa = PBXTargetDependency;
			target = BD1A31921B2A7C3A00AC2F20 /* HBWeibo */;
			targetProxy = BD1A31B01B2A7C3A00AC2F20 /* PBXContainerItemProxy */;
		};
/* End PBXTargetDependency section */

/* Begin PBXVariantGroup section */
		BD1A31A31B2A7C3A00AC2F20 /* Main.storyboard */ = {
			isa = PBXVariantGroup;
			children = (
				BD1A31A41B2A7C3A00AC2F20 /* Base */,
			);
			name = Main.storyboard;
			sourceTree = "<group>";
		};
		BD1A31A81B2A7C3A00AC2F20 /* LaunchScreen.xib */ = {
			isa = PBXVariantGroup;
			children = (
				BD1A31A91B2A7C3A00AC2F20 /* Base */,
			);
			name = LaunchScreen.xib;
			sourceTree = "<group>";
		};
/* End PBXVariantGroup section */

/* Begin XCBuildConfiguration section */
		BD1A31B71B2A7C3A00AC2F20 /* Debug */ = {
			isa = XCBuildConfiguration;
			buildSettings = {
				ALWAYS_SEARCH_USER_PATHS = NO;
				CLANG_CXX_LANGUAGE_STANDARD = "gnu++0x";
				CLANG_CXX_LIBRARY = "libc++";
				CLANG_ENABLE_MODULES = YES;
				CLANG_ENABLE_OBJC_ARC = YES;
				CLANG_WARN_BOOL_CONVERSION = YES;
				CLANG_WARN_CONSTANT_CONVERSION = YES;
				CLANG_WARN_DIRECT_OBJC_ISA_USAGE = YES_ERROR;
				CLANG_WARN_EMPTY_BODY = YES;
				CLANG_WARN_ENUM_CONVERSION = YES;
				CLANG_WARN_INT_CONVERSION = YES;
				CLANG_WARN_OBJC_ROOT_CLASS = YES_ERROR;
				CLANG_WARN_UNREACHABLE_CODE = YES;
				CLANG_WARN__DUPLICATE_METHOD_MATCH = YES;
				"CODE_SIGN_IDENTITY[sdk=iphoneos*]" = "iPhone Developer";
				COPY_PHASE_STRIP = NO;
				ENABLE_STRICT_OBJC_MSGSEND = YES;
				GCC_C_LANGUAGE_STANDARD = gnu99;
				GCC_DYNAMIC_NO_PIC = NO;
				GCC_OPTIMIZATION_LEVEL = 0;
				GCC_PREPROCESSOR_DEFINITIONS = (
					"DEBUG=1",
					"$(inherited)",
				);
				GCC_SYMBOLS_PRIVATE_EXTERN = NO;
				GCC_WARN_64_TO_32_BIT_CONVERSION = YES;
				GCC_WARN_ABOUT_RETURN_TYPE = YES_ERROR;
				GCC_WARN_UNDECLARED_SELECTOR = YES;
				GCC_WARN_UNINITIALIZED_AUTOS = YES_AGGRESSIVE;
				GCC_WARN_UNUSED_FUNCTION = YES;
				GCC_WARN_UNUSED_VARIABLE = YES;
				IPHONEOS_DEPLOYMENT_TARGET = 8.2;
				MTL_ENABLE_DEBUG_INFO = YES;
				ONLY_ACTIVE_ARCH = YES;
				SDKROOT = iphoneos;
			};
			name = Debug;
		};
		BD1A31B81B2A7C3A00AC2F20 /* Release */ = {
			isa = XCBuildConfiguration;
			buildSettings = {
				ALWAYS_SEARCH_USER_PATHS = NO;
				CLANG_CXX_LANGUAGE_STANDARD = "gnu++0x";
				CLANG_CXX_LIBRARY = "libc++";
				CLANG_ENABLE_MODULES = YES;
				CLANG_ENABLE_OBJC_ARC = YES;
				CLANG_WARN_BOOL_CONVERSION = YES;
				CLANG_WARN_CONSTANT_CONVERSION = YES;
				CLANG_WARN_DIRECT_OBJC_ISA_USAGE = YES_ERROR;
				CLANG_WARN_EMPTY_BODY = YES;
				CLANG_WARN_ENUM_CONVERSION = YES;
				CLANG_WARN_INT_CONVERSION = YES;
				CLANG_WARN_OBJC_ROOT_CLASS = YES_ERROR;
				CLANG_WARN_UNREACHABLE_CODE = YES;
				CLANG_WARN__DUPLICATE_METHOD_MATCH = YES;
				"CODE_SIGN_IDENTITY[sdk=iphoneos*]" = "iPhone Developer";
				COPY_PHASE_STRIP = NO;
				ENABLE_NS_ASSERTIONS = NO;
				ENABLE_STRICT_OBJC_MSGSEND = YES;
				GCC_C_LANGUAGE_STANDARD = gnu99;
				GCC_WARN_64_TO_32_BIT_CONVERSION = YES;
				GCC_WARN_ABOUT_RETURN_TYPE = YES_ERROR;
				GCC_WARN_UNDECLARED_SELECTOR = YES;
				GCC_WARN_UNINITIALIZED_AUTOS = YES_AGGRESSIVE;
				GCC_WARN_UNUSED_FUNCTION = YES;
				GCC_WARN_UNUSED_VARIABLE = YES;
				IPHONEOS_DEPLOYMENT_TARGET = 8.2;
				MTL_ENABLE_DEBUG_INFO = NO;
				SDKROOT = iphoneos;
				VALIDATE_PRODUCT = YES;
			};
			name = Release;
		};
		BD1A31BA1B2A7C3A00AC2F20 /* Debug */ = {
			isa = XCBuildConfiguration;
			buildSettings = {
				ASSETCATALOG_COMPILER_APPICON_NAME = AppIcon;
				INFOPLIST_FILE = HBWeibo/Info.plist;
				IPHONEOS_DEPLOYMENT_TARGET = 7.1;
				LD_RUNPATH_SEARCH_PATHS = "$(inherited) @executable_path/Frameworks";
				PRODUCT_NAME = "$(TARGET_NAME)";
				TARGETED_DEVICE_FAMILY = 1;
			};
			name = Debug;
		};
		BD1A31BB1B2A7C3A00AC2F20 /* Release */ = {
			isa = XCBuildConfiguration;
			buildSettings = {
				ASSETCATALOG_COMPILER_APPICON_NAME = AppIcon;
				INFOPLIST_FILE = HBWeibo/Info.plist;
				IPHONEOS_DEPLOYMENT_TARGET = 7.1;
				LD_RUNPATH_SEARCH_PATHS = "$(inherited) @executable_path/Frameworks";
				PRODUCT_NAME = "$(TARGET_NAME)";
				TARGETED_DEVICE_FAMILY = 1;
			};
			name = Release;
		};
		BD1A31BD1B2A7C3A00AC2F20 /* Debug */ = {
			isa = XCBuildConfiguration;
			buildSettings = {
				BUNDLE_LOADER = "$(TEST_HOST)";
				FRAMEWORK_SEARCH_PATHS = (
					"$(SDKROOT)/Developer/Library/Frameworks",
					"$(inherited)",
				);
				GCC_PREPROCESSOR_DEFINITIONS = (
					"DEBUG=1",
					"$(inherited)",
				);
				INFOPLIST_FILE = HBWeiboTests/Info.plist;
				LD_RUNPATH_SEARCH_PATHS = "$(inherited) @executable_path/Frameworks @loader_path/Frameworks";
				PRODUCT_NAME = "$(TARGET_NAME)";
				TEST_HOST = "$(BUILT_PRODUCTS_DIR)/HBWeibo.app/HBWeibo";
			};
			name = Debug;
		};
		BD1A31BE1B2A7C3A00AC2F20 /* Release */ = {
			isa = XCBuildConfiguration;
			buildSettings = {
				BUNDLE_LOADER = "$(TEST_HOST)";
				FRAMEWORK_SEARCH_PATHS = (
					"$(SDKROOT)/Developer/Library/Frameworks",
					"$(inherited)",
				);
				INFOPLIST_FILE = HBWeiboTests/Info.plist;
				LD_RUNPATH_SEARCH_PATHS = "$(inherited) @executable_path/Frameworks @loader_path/Frameworks";
				PRODUCT_NAME = "$(TARGET_NAME)";
				TEST_HOST = "$(BUILT_PRODUCTS_DIR)/HBWeibo.app/HBWeibo";
			};
			name = Release;
		};
/* End XCBuildConfiguration section */

/* Begin XCConfigurationList section */
		BD1A318E1B2A7C3A00AC2F20 /* Build configuration list for PBXProject "HBWeibo" */ = {
			isa = XCConfigurationList;
			buildConfigurations = (
				BD1A31B71B2A7C3A00AC2F20 /* Debug */,
				BD1A31B81B2A7C3A00AC2F20 /* Release */,
			);
			defaultConfigurationIsVisible = 0;
			defaultConfigurationName = Release;
		};
		BD1A31B91B2A7C3A00AC2F20 /* Build configuration list for PBXNativeTarget "HBWeibo" */ = {
			isa = XCConfigurationList;
			buildConfigurations = (
				BD1A31BA1B2A7C3A00AC2F20 /* Debug */,
				BD1A31BB1B2A7C3A00AC2F20 /* Release */,
			);
			defaultConfigurationIsVisible = 0;
			defaultConfigurationName = Release;
		};
		BD1A31BC1B2A7C3A00AC2F20 /* Build configuration list for PBXNativeTarget "HBWeiboTests" */ = {
			isa = XCConfigurationList;
			buildConfigurations = (
				BD1A31BD1B2A7C3A00AC2F20 /* Debug */,
				BD1A31BE1B2A7C3A00AC2F20 /* Release */,
			);
			defaultConfigurationIsVisible = 0;
			defaultConfigurationName = Release;
		};
/* End XCConfigurationList section */

/* Begin XCVersionGroup section */
		BD1A319D1B2A7C3A00AC2F20 /* HBWeibo.xcdatamodeld */ = {
			isa = XCVersionGroup;
			children = (
				BD1A319E1B2A7C3A00AC2F20 /* HBWeibo.xcdatamodel */,
			);
			currentVersion = BD1A319E1B2A7C3A00AC2F20 /* HBWeibo.xcdatamodel */;
			path = HBWeibo.xcdatamodeld;
			sourceTree = "<group>";
			versionGroupType = wrapper.xcdatamodel;
		};
/* End XCVersionGroup section */
	};
	rootObject = BD1A318B1B2A7C3A00AC2F20 /* Project object */;
}
